// !$*UTF8*$!
{
	archiveVersion = 1;
	classes = {
	};
	objectVersion = 55;
	objects = {

/* Begin PBXBuildFile section */
		F5CB202C2739B07500BE99FB /* AppDelegate.swift in Sources */ = {isa = PBXBuildFile; fileRef = F5CB202B2739B07500BE99FB /* AppDelegate.swift */; };
		F5CB202E2739B07500BE99FB /* SceneDelegate.swift in Sources */ = {isa = PBXBuildFile; fileRef = F5CB202D2739B07500BE99FB /* SceneDelegate.swift */; };
		F5CB20302739B07500BE99FB /* ViewController.swift in Sources */ = {isa = PBXBuildFile; fileRef = F5CB202F2739B07500BE99FB /* ViewController.swift */; };
		F5CB20332739B07500BE99FB /* Main.storyboard in Resources */ = {isa = PBXBuildFile; fileRef = F5CB20312739B07500BE99FB /* Main.storyboard */; };
		F5CB20352739B07C00BE99FB /* Assets.xcassets in Resources */ = {isa = PBXBuildFile; fileRef = F5CB20342739B07C00BE99FB /* Assets.xcassets */; };
		F5CB20382739B07C00BE99FB /* LaunchScreen.storyboard in Resources */ = {isa = PBXBuildFile; fileRef = F5CB20362739B07C00BE99FB /* LaunchScreen.storyboard */; };
		F5CB20432739B07D00BE99FB /* eTicaretAppTests.swift in Sources */ = {isa = PBXBuildFile; fileRef = F5CB20422739B07D00BE99FB /* eTicaretAppTests.swift */; };
		F5CB204D2739B07D00BE99FB /* eTicaretAppUITests.swift in Sources */ = {isa = PBXBuildFile; fileRef = F5CB204C2739B07D00BE99FB /* eTicaretAppUITests.swift */; };
		F5CB204F2739B07D00BE99FB /* eTicaretAppUITestsLaunchTests.swift in Sources */ = {isa = PBXBuildFile; fileRef = F5CB204E2739B07D00BE99FB /* eTicaretAppUITestsLaunchTests.swift */; };
		F5E1AF80273A8CA400775BD6 /* HucreCollectionViewCell.swift in Sources */ = {isa = PBXBuildFile; fileRef = F5E1AF7F273A8CA400775BD6 /* HucreCollectionViewCell.swift */; };
		F5E1AF82273A8EFB00775BD6 /* Urunler.swift in Sources */ = {isa = PBXBuildFile; fileRef = F5E1AF81273A8EFB00775BD6 /* Urunler.swift */; };
		F5E1AF88273ACC1B00775BD6 /* DetayVC.swift in Sources */ = {isa = PBXBuildFile; fileRef = F5E1AF87273ACC1B00775BD6 /* DetayVC.swift */; };
		F5E1AF8A273ACE9C00775BD6 /* UrunDetay.swift in Sources */ = {isa = PBXBuildFile; fileRef = F5E1AF89273ACE9C00775BD6 /* UrunDetay.swift */; };
/* End PBXBuildFile section */

/* Begin PBXContainerItemProxy section */
		F5CB203F2739B07D00BE99FB /* PBXContainerItemProxy */ = {
			isa = PBXContainerItemProxy;
			containerPortal = F5CB20202739B07500BE99FB /* Project object */;
			proxyType = 1;
			remoteGlobalIDString = F5CB20272739B07500BE99FB;
			remoteInfo = eTicaretApp;
		};
		F5CB20492739B07D00BE99FB /* PBXContainerItemProxy */ = {
			isa = PBXContainerItemProxy;
			containerPortal = F5CB20202739B07500BE99FB /* Project object */;
			proxyType = 1;
			remoteGlobalIDString = F5CB20272739B07500BE99FB;
			remoteInfo = eTicaretApp;
		};
/* End PBXContainerItemProxy section */

/* Begin PBXFileReference section */
		F5CB20282739B07500BE99FB /* e-commerceApp.app */ = {isa = PBXFileReference; explicitFileType = wrapper.application; includeInIndex = 0; path = "e-commerceApp.app"; sourceTree = BUILT_PRODUCTS_DIR; };
		F5CB202B2739B07500BE99FB /* AppDelegate.swift */ = {isa = PBXFileReference; lastKnownFileType = sourcecode.swift; path = AppDelegate.swift; sourceTree = "<group>"; };
		F5CB202D2739B07500BE99FB /* SceneDelegate.swift */ = {isa = PBXFileReference; lastKnownFileType = sourcecode.swift; path = SceneDelegate.swift; sourceTree = "<group>"; };
		F5CB202F2739B07500BE99FB /* ViewController.swift */ = {isa = PBXFileReference; lastKnownFileType = sourcecode.swift; path = ViewController.swift; sourceTree = "<group>"; };
		F5CB20322739B07500BE99FB /* Base */ = {isa = PBXFileReference; lastKnownFileType = file.storyboard; name = Base; path = Base.lproj/Main.storyboard; sourceTree = "<group>"; };
		F5CB20342739B07C00BE99FB /* Assets.xcassets */ = {isa = PBXFileReference; lastKnownFileType = folder.assetcatalog; path = Assets.xcassets; sourceTree = "<group>"; };
		F5CB20372739B07C00BE99FB /* Base */ = {isa = PBXFileReference; lastKnownFileType = file.storyboard; name = Base; path = Base.lproj/LaunchScreen.storyboard; sourceTree = "<group>"; };
		F5CB20392739B07C00BE99FB /* Info.plist */ = {isa = PBXFileReference; lastKnownFileType = text.plist.xml; path = Info.plist; sourceTree = "<group>"; };
		F5CB203E2739B07D00BE99FB /* eTicaretAppTests.xctest */ = {isa = PBXFileReference; explicitFileType = wrapper.cfbundle; includeInIndex = 0; path = eTicaretAppTests.xctest; sourceTree = BUILT_PRODUCTS_DIR; };
		F5CB20422739B07D00BE99FB /* eTicaretAppTests.swift */ = {isa = PBXFileReference; lastKnownFileType = sourcecode.swift; path = eTicaretAppTests.swift; sourceTree = "<group>"; };
		F5CB20482739B07D00BE99FB /* eTicaretAppUITests.xctest */ = {isa = PBXFileReference; explicitFileType = wrapper.cfbundle; includeInIndex = 0; path = eTicaretAppUITests.xctest; sourceTree = BUILT_PRODUCTS_DIR; };
		F5CB204C2739B07D00BE99FB /* eTicaretAppUITests.swift */ = {isa = PBXFileReference; lastKnownFileType = sourcecode.swift; path = eTicaretAppUITests.swift; sourceTree = "<group>"; };
		F5CB204E2739B07D00BE99FB /* eTicaretAppUITestsLaunchTests.swift */ = {isa = PBXFileReference; lastKnownFileType = sourcecode.swift; path = eTicaretAppUITestsLaunchTests.swift; sourceTree = "<group>"; };
		F5E1AF7F273A8CA400775BD6 /* HucreCollectionViewCell.swift */ = {isa = PBXFileReference; lastKnownFileType = sourcecode.swift; path = HucreCollectionViewCell.swift; sourceTree = "<group>"; };
		F5E1AF81273A8EFB00775BD6 /* Urunler.swift */ = {isa = PBXFileReference; lastKnownFileType = sourcecode.swift; path = Urunler.swift; sourceTree = "<group>"; };
		F5E1AF87273ACC1B00775BD6 /* DetayVC.swift */ = {isa = PBXFileReference; lastKnownFileType = sourcecode.swift; path = DetayVC.swift; sourceTree = "<group>"; };
		F5E1AF89273ACE9C00775BD6 /* UrunDetay.swift */ = {isa = PBXFileReference; lastKnownFileType = sourcecode.swift; path = UrunDetay.swift; sourceTree = "<group>"; };
/* End PBXFileReference section */

/* Begin PBXFrameworksBuildPhase section */
		F5CB20252739B07500BE99FB /* Frameworks */ = {
			isa = PBXFrameworksBuildPhase;
			buildActionMask = 2147483647;
			files = (
			);
			runOnlyForDeploymentPostprocessing = 0;
		};
		F5CB203B2739B07D00BE99FB /* Frameworks */ = {
			isa = PBXFrameworksBuildPhase;
			buildActionMask = 2147483647;
			files = (
			);
			runOnlyForDeploymentPostprocessing = 0;
		};
		F5CB20452739B07D00BE99FB /* Frameworks */ = {
			isa = PBXFrameworksBuildPhase;
			buildActionMask = 2147483647;
			files = (
			);
			runOnlyForDeploymentPostprocessing = 0;
		};
/* End PBXFrameworksBuildPhase section */

/* Begin PBXGroup section */
		F5CB201F2739B07500BE99FB = {
			isa = PBXGroup;
			children = (
				F5CB202A2739B07500BE99FB /* eTicaretApp */,
				F5CB20412739B07D00BE99FB /* eTicaretAppTests */,
				F5CB204B2739B07D00BE99FB /* eTicaretAppUITests */,
				F5CB20292739B07500BE99FB /* Products */,
			);
			sourceTree = "<group>";
		};
		F5CB20292739B07500BE99FB /* Products */ = {
			isa = PBXGroup;
			children = (
				F5CB20282739B07500BE99FB /* e-commerceApp.app */,
				F5CB203E2739B07D00BE99FB /* eTicaretAppTests.xctest */,
				F5CB20482739B07D00BE99FB /* eTicaretAppUITests.xctest */,
			);
			name = Products;
			sourceTree = "<group>";
		};
		F5CB202A2739B07500BE99FB /* eTicaretApp */ = {
			isa = PBXGroup;
			children = (
				F5CB202B2739B07500BE99FB /* AppDelegate.swift */,
				F5CB202D2739B07500BE99FB /* SceneDelegate.swift */,
				F5CB202F2739B07500BE99FB /* ViewController.swift */,
				F5CB20312739B07500BE99FB /* Main.storyboard */,
				F5E1AF87273ACC1B00775BD6 /* DetayVC.swift */,
				F5E1AF89273ACE9C00775BD6 /* UrunDetay.swift */,
				F5E1AF81273A8EFB00775BD6 /* Urunler.swift */,
				F5E1AF7F273A8CA400775BD6 /* HucreCollectionViewCell.swift */,
				F5CB20342739B07C00BE99FB /* Assets.xcassets */,
				F5CB20362739B07C00BE99FB /* LaunchScreen.storyboard */,
				F5CB20392739B07C00BE99FB /* Info.plist */,
			);
			path = eTicaretApp;
			sourceTree = "<group>";
		};
		F5CB20412739B07D00BE99FB /* eTicaretAppTests */ = {
			isa = PBXGroup;
			children = (
				F5CB20422739B07D00BE99FB /* eTicaretAppTests.swift */,
			);
			path = eTicaretAppTests;
			sourceTree = "<group>";
		};
		F5CB204B2739B07D00BE99FB /* eTicaretAppUITests */ = {
			isa = PBXGroup;
			children = (
				F5CB204C2739B07D00BE99FB /* eTicaretAppUITests.swift */,
				F5CB204E2739B07D00BE99FB /* eTicaretAppUITestsLaunchTests.swift */,
			);
			path = eTicaretAppUITests;
			sourceTree = "<group>";
		};
/* End PBXGroup section */

/* Begin PBXNativeTarget section */
		F5CB20272739B07500BE99FB /* eTicaretApp */ = {
			isa = PBXNativeTarget;
			buildConfigurationList = F5CB20522739B07D00BE99FB /* Build configuration list for PBXNativeTarget "eTicaretApp" */;
			buildPhases = (
				F5CB20242739B07500BE99FB /* Sources */,
				F5CB20252739B07500BE99FB /* Frameworks */,
				F5CB20262739B07500BE99FB /* Resources */,
			);
			buildRules = (
			);
			dependencies = (
			);
			name = eTicaretApp;
			productName = eTicaretApp;
			productReference = F5CB20282739B07500BE99FB /* e-commerceApp.app */;
			productType = "com.apple.product-type.application";
		};
		F5CB203D2739B07D00BE99FB /* eTicaretAppTests */ = {
			isa = PBXNativeTarget;
			buildConfigurationList = F5CB20552739B07D00BE99FB /* Build configuration list for PBXNativeTarget "eTicaretAppTests" */;
			buildPhases = (
				F5CB203A2739B07D00BE99FB /* Sources */,
				F5CB203B2739B07D00BE99FB /* Frameworks */,
				F5CB203C2739B07D00BE99FB /* Resources */,
			);
			buildRules = (
			);
			dependencies = (
				F5CB20402739B07D00BE99FB /* PBXTargetDependency */,
			);
			name = eTicaretAppTests;
			productName = eTicaretAppTests;
			productReference = F5CB203E2739B07D00BE99FB /* eTicaretAppTests.xctest */;
			productType = "com.apple.product-type.bundle.unit-test";
		};
		F5CB20472739B07D00BE99FB /* eTicaretAppUITests */ = {
			isa = PBXNativeTarget;
			buildConfigurationList = F5CB20582739B07D00BE99FB /* Build configuration list for PBXNativeTarget "eTicaretAppUITests" */;
			buildPhases = (
				F5CB20442739B07D00BE99FB /* Sources */,
				F5CB20452739B07D00BE99FB /* Frameworks */,
				F5CB20462739B07D00BE99FB /* Resources */,
			);
			buildRules = (
			);
			dependencies = (
				F5CB204A2739B07D00BE99FB /* PBXTargetDependency */,
			);
			name = eTicaretAppUITests;
			productName = eTicaretAppUITests;
			productReference = F5CB20482739B07D00BE99FB /* eTicaretAppUITests.xctest */;
			productType = "com.apple.product-type.bundle.ui-testing";
		};
/* End PBXNativeTarget section */

/* Begin PBXProject section */
		F5CB20202739B07500BE99FB /* Project object */ = {
			isa = PBXProject;
			attributes = {
				BuildIndependentTargetsInParallel = 1;
				LastSwiftUpdateCheck = 1300;
				LastUpgradeCheck = 1300;
				TargetAttributes = {
					F5CB20272739B07500BE99FB = {
						CreatedOnToolsVersion = 13.0;
					};
					F5CB203D2739B07D00BE99FB = {
						CreatedOnToolsVersion = 13.0;
						TestTargetID = F5CB20272739B07500BE99FB;
					};
					F5CB20472739B07D00BE99FB = {
						CreatedOnToolsVersion = 13.0;
						TestTargetID = F5CB20272739B07500BE99FB;
					};
				};
			};
			buildConfigurationList = F5CB20232739B07500BE99FB /* Build configuration list for PBXProject "eTicaretApp" */;
			compatibilityVersion = "Xcode 13.0";
			developmentRegion = en;
			hasScannedForEncodings = 0;
			knownRegions = (
				en,
				Base,
			);
			mainGroup = F5CB201F2739B07500BE99FB;
			productRefGroup = F5CB20292739B07500BE99FB /* Products */;
			projectDirPath = "";
			projectRoot = "";
			targets = (
				F5CB20272739B07500BE99FB /* eTicaretApp */,
				F5CB203D2739B07D00BE99FB /* eTicaretAppTests */,
				F5CB20472739B07D00BE99FB /* eTicaretAppUITests */,
			);
		};
/* End PBXProject section */

/* Begin PBXResourcesBuildPhase section */
		F5CB20262739B07500BE99FB /* Resources */ = {
			isa = PBXResourcesBuildPhase;
			buildActionMask = 2147483647;
			files = (
				F5CB20382739B07C00BE99FB /* LaunchScreen.storyboard in Resources */,
				F5CB20352739B07C00BE99FB /* Assets.xcassets in Resources */,
				F5CB20332739B07500BE99FB /* Main.storyboard in Resources */,
			);
			runOnlyForDeploymentPostprocessing = 0;
		};
		F5CB203C2739B07D00BE99FB /* Resources */ = {
			isa = PBXResourcesBuildPhase;
			buildActionMask = 2147483647;
			files = (
			);
			runOnlyForDeploymentPostprocessing = 0;
		};
		F5CB20462739B07D00BE99FB /* Resources */ = {
			isa = PBXResourcesBuildPhase;
			buildActionMask = 2147483647;
			files = (
			);
			runOnlyForDeploymentPostprocessing = 0;
		};
/* End PBXResourcesBuildPhase section */

/* Begin PBXSourcesBuildPhase section */
		F5CB20242739B07500BE99FB /* Sources */ = {
			isa = PBXSourcesBuildPhase;
			buildActionMask = 2147483647;
			files = (
				F5CB20302739B07500BE99FB /* ViewController.swift in Sources */,
				F5CB202C2739B07500BE99FB /* AppDelegate.swift in Sources */,
				F5E1AF80273A8CA400775BD6 /* HucreCollectionViewCell.swift in Sources */,
				F5E1AF88273ACC1B00775BD6 /* DetayVC.swift in Sources */,
				F5E1AF82273A8EFB00775BD6 /* Urunler.swift in Sources */,
				F5CB202E2739B07500BE99FB /* SceneDelegate.swift in Sources */,
				F5E1AF8A273ACE9C00775BD6 /* UrunDetay.swift in Sources */,
			);
			runOnlyForDeploymentPostprocessing = 0;
		};
		F5CB203A2739B07D00BE99FB /* Sources */ = {
			isa = PBXSourcesBuildPhase;
			buildActionMask = 2147483647;
			files = (
				F5CB20432739B07D00BE99FB /* eTicaretAppTests.swift in Sources */,
			);
			runOnlyForDeploymentPostprocessing = 0;
		};
		F5CB20442739B07D00BE99FB /* Sources */ = {
			isa = PBXSourcesBuildPhase;
			buildActionMask = 2147483647;
			files = (
				F5CB204D2739B07D00BE99FB /* eTicaretAppUITests.swift in Sources */,
				F5CB204F2739B07D00BE99FB /* eTicaretAppUITestsLaunchTests.swift in Sources */,
			);
			runOnlyForDeploymentPostprocessing = 0;
		};
/* End PBXSourcesBuildPhase section */

/* Begin PBXTargetDependency section */
		F5CB20402739B07D00BE99FB /* PBXTargetDependency */ = {
			isa = PBXTargetDependency;
			target = F5CB20272739B07500BE99FB /* eTicaretApp */;
			targetProxy = F5CB203F2739B07D00BE99FB /* PBXContainerItemProxy */;
		};
		F5CB204A2739B07D00BE99FB /* PBXTargetDependency */ = {
			isa = PBXTargetDependency;
			target = F5CB20272739B07500BE99FB /* eTicaretApp */;
			targetProxy = F5CB20492739B07D00BE99FB /* PBXContainerItemProxy */;
		};
/* End PBXTargetDependency section */

/* Begin PBXVariantGroup section */
		F5CB20312739B07500BE99FB /* Main.storyboard */ = {
			isa = PBXVariantGroup;
			children = (
				F5CB20322739B07500BE99FB /* Base */,
			);
			name = Main.storyboard;
			sourceTree = "<group>";
		};
		F5CB20362739B07C00BE99FB /* LaunchScreen.storyboard */ = {
			isa = PBXVariantGroup;
			children = (
				F5CB20372739B07C00BE99FB /* Base */,
			);
			name = LaunchScreen.storyboard;
			sourceTree = "<group>";
		};
/* End PBXVariantGroup section */

/* Begin XCBuildConfiguration section */
		F5CB20502739B07D00BE99FB /* Debug */ = {
			isa = XCBuildConfiguration;
			buildSettings = {
				ALWAYS_SEARCH_USER_PATHS = NO;
				CLANG_ANALYZER_NONNULL = YES;
				CLANG_ANALYZER_NUMBER_OBJECT_CONVERSION = YES_AGGRESSIVE;
				CLANG_CXX_LANGUAGE_STANDARD = "gnu++17";
				CLANG_CXX_LIBRARY = "libc++";
				CLANG_ENABLE_MODULES = YES;
				CLANG_ENABLE_OBJC_ARC = YES;
				CLANG_ENABLE_OBJC_WEAK = YES;
				CLANG_WARN_BLOCK_CAPTURE_AUTORELEASING = YES;
				CLANG_WARN_BOOL_CONVERSION = YES;
				CLANG_WARN_COMMA = YES;
				CLANG_WARN_CONSTANT_CONVERSION = YES;
				CLANG_WARN_DEPRECATED_OBJC_IMPLEMENTATIONS = YES;
				CLANG_WARN_DIRECT_OBJC_ISA_USAGE = YES_ERROR;
				CLANG_WARN_DOCUMENTATION_COMMENTS = YES;
				CLANG_WARN_EMPTY_BODY = YES;
				CLANG_WARN_ENUM_CONVERSION = YES;
				CLANG_WARN_INFINITE_RECURSION = YES;
				CLANG_WARN_INT_CONVERSION = YES;
				CLANG_WARN_NON_LITERAL_NULL_CONVERSION = YES;
				CLANG_WARN_OBJC_IMPLICIT_RETAIN_SELF = YES;
				CLANG_WARN_OBJC_LITERAL_CONVERSION = YES;
				CLANG_WARN_OBJC_ROOT_CLASS = YES_ERROR;
				CLANG_WARN_QUOTED_INCLUDE_IN_FRAMEWORK_HEADER = YES;
				CLANG_WARN_RANGE_LOOP_ANALYSIS = YES;
				CLANG_WARN_STRICT_PROTOTYPES = YES;
				CLANG_WARN_SUSPICIOUS_MOVE = YES;
				CLANG_WARN_UNGUARDED_AVAILABILITY = YES_AGGRESSIVE;
				CLANG_WARN_UNREACHABLE_CODE = YES;
				CLANG_WARN__DUPLICATE_METHOD_MATCH = YES;
				COPY_PHASE_STRIP = NO;
				DEBUG_INFORMATION_FORMAT = dwarf;
				ENABLE_STRICT_OBJC_MSGSEND = YES;
				ENABLE_TESTABILITY = YES;
				GCC_C_LANGUAGE_STANDARD = gnu11;
				GCC_DYNAMIC_NO_PIC = NO;
				GCC_NO_COMMON_BLOCKS = YES;
				GCC_OPTIMIZATION_LEVEL = 0;
				GCC_PREPROCESSOR_DEFINITIONS = (
					"DEBUG=1",
					"$(inherited)",
				);
				GCC_WARN_64_TO_32_BIT_CONVERSION = YES;
				GCC_WARN_ABOUT_RETURN_TYPE = YES_ERROR;
				GCC_WARN_UNDECLARED_SELECTOR = YES;
				GCC_WARN_UNINITIALIZED_AUTOS = YES_AGGRESSIVE;
				GCC_WARN_UNUSED_FUNCTION = YES;
				GCC_WARN_UNUSED_VARIABLE = YES;
				IPHONEOS_DEPLOYMENT_TARGET = 15.0;
				MTL_ENABLE_DEBUG_INFO = INCLUDE_SOURCE;
				MTL_FAST_MATH = YES;
				ONLY_ACTIVE_ARCH = YES;
				PRODUCT_NAME = "e-commerceApp";
				SDKROOT = iphoneos;
				SWIFT_ACTIVE_COMPILATION_CONDITIONS = DEBUG;
				SWIFT_OPTIMIZATION_LEVEL = "-Onone";
			};
			name = Debug;
		};
		F5CB20512739B07D00BE99FB /* Release */ = {
			isa = XCBuildConfiguration;
			buildSettings = {
				ALWAYS_SEARCH_USER_PATHS = NO;
				CLANG_ANALYZER_NONNULL = YES;
				CLANG_ANALYZER_NUMBER_OBJECT_CONVERSION = YES_AGGRESSIVE;
				CLANG_CXX_LANGUAGE_STANDARD = "gnu++17";
				CLANG_CXX_LIBRARY = "libc++";
				CLANG_ENABLE_MODULES = YES;
				CLANG_ENABLE_OBJC_ARC = YES;
				CLANG_ENABLE_OBJC_WEAK = YES;
				CLANG_WARN_BLOCK_CAPTURE_AUTORELEASING = YES;
				CLANG_WARN_BOOL_CONVERSION = YES;
				CLANG_WARN_COMMA = YES;
				CLANG_WARN_CONSTANT_CONVERSION = YES;
				CLANG_WARN_DEPRECATED_OBJC_IMPLEMENTATIONS = YES;
				CLANG_WARN_DIRECT_OBJC_ISA_USAGE = YES_ERROR;
				CLANG_WARN_DOCUMENTATION_COMMENTS = YES;
				CLANG_WARN_EMPTY_BODY = YES;
				CLANG_WARN_ENUM_CONVERSION = YES;
				CLANG_WARN_INFINITE_RECURSION = YES;
				CLANG_WARN_INT_CONVERSION = YES;
				CLANG_WARN_NON_LITERAL_NULL_CONVERSION = YES;
				CLANG_WARN_OBJC_IMPLICIT_RETAIN_SELF = YES;
				CLANG_WARN_OBJC_LITERAL_CONVERSION = YES;
				CLANG_WARN_OBJC_ROOT_CLASS = YES_ERROR;
				CLANG_WARN_QUOTED_INCLUDE_IN_FRAMEWORK_HEADER = YES;
				CLANG_WARN_RANGE_LOOP_ANALYSIS = YES;
				CLANG_WARN_STRICT_PROTOTYPES = YES;
				CLANG_WARN_SUSPICIOUS_MOVE = YES;
				CLANG_WARN_UNGUARDED_AVAILABILITY = YES_AGGRESSIVE;
				CLANG_WARN_UNREACHABLE_CODE = YES;
				CLANG_WARN__DUPLICATE_METHOD_MATCH = YES;
				COPY_PHASE_STRIP = NO;
				DEBUG_INFORMATION_FORMAT = "dwarf-with-dsym";
				ENABLE_NS_ASSERTIONS = NO;
				ENABLE_STRICT_OBJC_MSGSEND = YES;
				GCC_C_LANGUAGE_STANDARD = gnu11;
				GCC_NO_COMMON_BLOCKS = YES;
				GCC_WARN_64_TO_32_BIT_CONVERSION = YES;
				GCC_WARN_ABOUT_RETURN_TYPE = YES_ERROR;
				GCC_WARN_UNDECLARED_SELECTOR = YES;
				GCC_WARN_UNINITIALIZED_AUTOS = YES_AGGRESSIVE;
				GCC_WARN_UNUSED_FUNCTION = YES;
				GCC_WARN_UNUSED_VARIABLE = YES;
				IPHONEOS_DEPLOYMENT_TARGET = 15.0;
				MTL_ENABLE_DEBUG_INFO = NO;
				MTL_FAST_MATH = YES;
				PRODUCT_NAME = "e-commerceApp";
				SDKROOT = iphoneos;
				SWIFT_COMPILATION_MODE = wholemodule;
				SWIFT_OPTIMIZATION_LEVEL = "-O";
				VALIDATE_PRODUCT = YES;
			};
			name = Release;
		};
		F5CB20532739B07D00BE99FB /* Debug */ = {
			isa = XCBuildConfiguration;
			buildSettings = {
				ASSETCATALOG_COMPILER_APPICON_NAME = AppIcon;
				ASSETCATALOG_COMPILER_GLOBAL_ACCENT_COLOR_NAME = AccentColor;
				CODE_SIGN_STYLE = Automatic;
				CURRENT_PROJECT_VERSION = 1;
				DEVELOPMENT_TEAM = 2D4ZSKQP5M;
				GENERATE_INFOPLIST_FILE = YES;
				INFOPLIST_FILE = eTicaretApp/Info.plist;
				INFOPLIST_KEY_UIApplicationSupportsIndirectInputEvents = YES;
				INFOPLIST_KEY_UILaunchStoryboardName = LaunchScreen;
				INFOPLIST_KEY_UIMainStoryboardFile = Main;
				INFOPLIST_KEY_UISupportedInterfaceOrientations_iPad = "UIInterfaceOrientationPortrait UIInterfaceOrientationPortraitUpsideDown UIInterfaceOrientationLandscapeLeft UIInterfaceOrientationLandscapeRight";
				INFOPLIST_KEY_UISupportedInterfaceOrientations_iPhone = "UIInterfaceOrientationPortrait UIInterfaceOrientationLandscapeLeft UIInterfaceOrientationLandscapeRight";
				LD_RUNPATH_SEARCH_PATHS = (
					"$(inherited)",
					"@executable_path/Frameworks",
				);
				MARKETING_VERSION = 1.0;
				PRODUCT_BUNDLE_IDENTIFIER = com.emrekocak.eTicaretApp;
				PRODUCT_NAME = "e-commerceApp";
				SWIFT_EMIT_LOC_STRINGS = YES;
				SWIFT_VERSION = 5.0;
				TARGETED_DEVICE_FAMILY = "1,2";
			};
			name = Debug;
		};
		F5CB20542739B07D00BE99FB /* Release */ = {
			isa = XCBuildConfiguration;
			buildSettings = {
				ASSETCATALOG_COMPILER_APPICON_NAME = AppIcon;
				ASSETCATALOG_COMPILER_GLOBAL_ACCENT_COLOR_NAME = AccentColor;
				CODE_SIGN_STYLE = Automatic;
				CURRENT_PROJECT_VERSION = 1;
				DEVELOPMENT_TEAM = 2D4ZSKQP5M;
				GENERATE_INFOPLIST_FILE = YES;
				INFOPLIST_FILE = eTicaretApp/Info.plist;
				INFOPLIST_KEY_UIApplicationSupportsIndirectInputEvents = YES;
				INFOPLIST_KEY_UILaunchStoryboardName = LaunchScreen;
				INFOPLIST_KEY_UIMainStoryboardFile = Main;
				INFOPLIST_KEY_UISupportedInterfaceOrientations_iPad = "UIInterfaceOrientationPortrait UIInterfaceOrientationPortraitUpsideDown UIInterfaceOrientationLandscapeLeft UIInterfaceOrientationLandscapeRight";
				INFOPLIST_KEY_UISupportedInterfaceOrientations_iPhone = "UIInterfaceOrientationPortrait UIInterfaceOrientationLandscapeLeft UIInterfaceOrientationLandscapeRight";
				LD_RUNPATH_SEARCH_PATHS = (
					"$(inherited)",
					"@executable_path/Frameworks",
				);
				MARKETING_VERSION = 1.0;
				PRODUCT_BUNDLE_IDENTIFIER = com.emrekocak.eTicaretApp;
				PRODUCT_NAME = "e-commerceApp";
				SWIFT_EMIT_LOC_STRINGS = YES;
				SWIFT_VERSION = 5.0;
				TARGETED_DEVICE_FAMILY = "1,2";
			};
			name = Release;
		};
		F5CB20562739B07D00BE99FB /* Debug */ = {
			isa = XCBuildConfiguration;
			buildSettings = {
				ALWAYS_EMBED_SWIFT_STANDARD_LIBRARIES = YES;
				BUNDLE_LOADER = "$(TEST_HOST)";
				CODE_SIGN_STYLE = Automatic;
				CURRENT_PROJECT_VERSION = 1;
				DEVELOPMENT_TEAM = 2D4ZSKQP5M;
				GENERATE_INFOPLIST_FILE = YES;
				IPHONEOS_DEPLOYMENT_TARGET = 15.0;
				LD_RUNPATH_SEARCH_PATHS = (
					"$(inherited)",
					"@executable_path/Frameworks",
					"@loader_path/Frameworks",
				);
				MARKETING_VERSION = 1.0;
				PRODUCT_BUNDLE_IDENTIFIER = com.emrekocak.eTicaretAppTests;
				PRODUCT_NAME = "$(TARGET_NAME)";
				SWIFT_EMIT_LOC_STRINGS = NO;
				SWIFT_VERSION = 5.0;
				TARGETED_DEVICE_FAMILY = "1,2";
				TEST_HOST = "$(BUILT_PRODUCTS_DIR)/eTicaretApp.app/eTicaretApp";
			};
			name = Debug;
		};
		F5CB20572739B07D00BE99FB /* Release */ = {
			isa = XCBuildConfiguration;
			buildSettings = {
				ALWAYS_EMBED_SWIFT_STANDARD_LIBRARIES = YES;
				BUNDLE_LOADER = "$(TEST_HOST)";
				CODE_SIGN_STYLE = Automatic;
				CURRENT_PROJECT_VERSION = 1;
				DEVELOPMENT_TEAM = 2D4ZSKQP5M;
				GENERATE_INFOPLIST_FILE = YES;
				IPHONEOS_DEPLOYMENT_TARGET = 15.0;
				LD_RUNPATH_SEARCH_PATHS = (
					"$(inherited)",
					"@executable_path/Frameworks",
					"@loader_path/Frameworks",
				);
				MARKETING_VERSION = 1.0;
				PRODUCT_BUNDLE_IDENTIFIER = com.emrekocak.eTicaretAppTests;
				PRODUCT_NAME = "$(TARGET_NAME)";
				SWIFT_EMIT_LOC_STRINGS = NO;
				SWIFT_VERSION = 5.0;
				TARGETED_DEVICE_FAMILY = "1,2";
				TEST_HOST = "$(BUILT_PRODUCTS_DIR)/eTicaretApp.app/eTicaretApp";
			};
			name = Release;
		};
		F5CB20592739B07D00BE99FB /* Debug */ = {
			isa = XCBuildConfiguration;
			buildSettings = {
				ALWAYS_EMBED_SWIFT_STANDARD_LIBRARIES = YES;
				CODE_SIGN_STYLE = Automatic;
				CURRENT_PROJECT_VERSION = 1;
				DEVELOPMENT_TEAM = 2D4ZSKQP5M;
				GENERATE_INFOPLIST_FILE = YES;
				LD_RUNPATH_SEARCH_PATHS = (
					"$(inherited)",
					"@executable_path/Frameworks",
					"@loader_path/Frameworks",
				);
				MARKETING_VERSION = 1.0;
				PRODUCT_BUNDLE_IDENTIFIER = com.emrekocak.eTicaretAppUITests;
				PRODUCT_NAME = "$(TARGET_NAME)";
				SWIFT_EMIT_LOC_STRINGS = NO;
				SWIFT_VERSION = 5.0;
				TARGETED_DEVICE_FAMILY = "1,2";
				TEST_TARGET_NAME = eTicaretApp;
			};
			name = Debug;
		};
		F5CB205A2739B07D00BE99FB /* Release */ = {
			isa = XCBuildConfiguration;
			buildSettings = {
				ALWAYS_EMBED_SWIFT_STANDARD_LIBRARIES = YES;
				CODE_SIGN_STYLE = Automatic;
				CURRENT_PROJECT_VERSION = 1;
				DEVELOPMENT_TEAM = 2D4ZSKQP5M;
				GENERATE_INFOPLIST_FILE = YES;
				LD_RUNPATH_SEARCH_PATHS = (
					"$(inherited)",
					"@executable_path/Frameworks",
					"@loader_path/Frameworks",
				);
				MARKETING_VERSION = 1.0;
				PRODUCT_BUNDLE_IDENTIFIER = com.emrekocak.eTicaretAppUITests;
				PRODUCT_NAME = "$(TARGET_NAME)";
				SWIFT_EMIT_LOC_STRINGS = NO;
				SWIFT_VERSION = 5.0;
				TARGETED_DEVICE_FAMILY = "1,2";
				TEST_TARGET_NAME = eTicaretApp;
			};
			name = Release;
		};
/* End XCBuildConfiguration section */

/* Begin XCConfigurationList section */
		F5CB20232739B07500BE99FB /* Build configuration list for PBXProject "eTicaretApp" */ = {
			isa = XCConfigurationList;
			buildConfigurations = (
				F5CB20502739B07D00BE99FB /* Debug */,
				F5CB20512739B07D00BE99FB /* Release */,
			);
			defaultConfigurationIsVisible = 0;
			defaultConfigurationName = Release;
		};
		F5CB20522739B07D00BE99FB /* Build configuration list for PBXNativeTarget "eTicaretApp" */ = {
			isa = XCConfigurationList;
			buildConfigurations = (
				F5CB20532739B07D00BE99FB /* Debug */,
				F5CB20542739B07D00BE99FB /* Release */,
			);
			defaultConfigurationIsVisible = 0;
			defaultConfigurationName = Release;
		};
		F5CB20552739B07D00BE99FB /* Build configuration list for PBXNativeTarget "eTicaretAppTests" */ = {
			isa = XCConfigurationList;
			buildConfigurations = (
				F5CB20562739B07D00BE99FB /* Debug */,
				F5CB20572739B07D00BE99FB /* Release */,
			);
			defaultConfigurationIsVisible = 0;
			defaultConfigurationName = Release;
		};
		F5CB20582739B07D00BE99FB /* Build configuration list for PBXNativeTarget "eTicaretAppUITests" */ = {
			isa = XCConfigurationList;
			buildConfigurations = (
				F5CB20592739B07D00BE99FB /* Debug */,
				F5CB205A2739B07D00BE99FB /* Release */,
			);
			defaultConfigurationIsVisible = 0;
			defaultConfigurationName = Release;
		};
/* End XCConfigurationList section */
	};
	rootObject = F5CB20202739B07500BE99FB /* Project object */;
}
